schema: '2.0'
stages:
  data_ingestion:
    cmd: python src/data/data_ingestion.py
    deps:
    - path: src/data/data_ingestion.py
      hash: md5
      md5: 68610ad7804f1bd384458536ca7ac448
      size: 4222
    params:
      params.yaml:
        data_ingestion.test_size: 0.2
    outs:
    - path: data/raw
      hash: md5
      md5: b855e2bab4e21078d44844fee5be9da3.dir
      size: 6882906
      nfiles: 2
  data_preprocessing:
    cmd: python src/data/data_preprocessing.py
    deps:
    - path: data/raw/test.csv
      hash: md5
      md5: 295b88d81555e67a857db0337244e118
      size: 1341252
    - path: data/raw/train.csv
      hash: md5
      md5: 70faef66e6135c49f7f02db4a55e9fdd
      size: 5541654
    - path: src/data/data_preprocessing.py
      hash: md5
      md5: ab3471e73b63bb3ea39dde94d8af209f
      size: 3713
    outs:
    - path: data/interim
      hash: md5
      md5: a2bbccdc23dd271231099f8d5c99ff87.dir
      size: 5098055
      nfiles: 2
  model_building:
    cmd: python src/model/model_building.py
    deps:
    - path: data/interim/train_processed.csv
      hash: md5
      md5: 86284f4698366b0f2ee05c211c0e9453
      size: 4104889
    - path: src/model/model_building.py
      hash: md5
      md5: 7535a489e792c486bd48d008c4e673c4
      size: 5474
    params:
      params.yaml:
        model_building.learning_rate: 0.09
        model_building.max_depth: 20
        model_building.max_features: 1000
        model_building.n_estimators: 367
        model_building.ngram_range:
        - 1
        - 3
    outs:
    - path: lgbm_model.pkl
      hash: md5
      md5: e5d68db7af0aeca32332a6d1baa6beaf
      size: 3886839
    - path: tfidf_vectorizer.pkl
      hash: md5
      md5: 8989c7590a2e3881e14c255afb565fca
      size: 36872
  model_evaluation:
    cmd: python src/model/model_evaluation.py
    deps:
    - path: data/interim/test_processed.csv
      hash: md5
      md5: 5b260b8114240fb9c541c0d07b150b14
      size: 993166
    - path: data/interim/train_processed.csv
      hash: md5
      md5: 86284f4698366b0f2ee05c211c0e9453
      size: 4104889
    - path: lgbm_model.pkl
      hash: md5
      md5: e5d68db7af0aeca32332a6d1baa6beaf
      size: 3886839
    - path: src/model/model_evaluation.py
      hash: md5
      md5: 107a5b18e468f0c993527d33edad0120
      size: 7192
    - path: tfidf_vectorizer.pkl
      hash: md5
      md5: 8989c7590a2e3881e14c255afb565fca
      size: 36872
    outs:
    - path: experiment_info.json
      hash: md5
      md5: 8639a71452bcee42c6caa0d223ee10fc
      size: 168
  model_registration:
    cmd: python src/model/register_model.py
    deps:
    - path: experiment_info.json
      hash: md5
      md5: 8639a71452bcee42c6caa0d223ee10fc
      size: 168
    - path: src/model/register_model.py
      hash: md5
      md5: bac1d2e556290e1d8da2524888c24aa0
      size: 2403
